
Microsoft Visual Studio Solution File, Format Version 12.00
# Visual Studio 14
VisualStudioVersion = 14.0.25123.0
MinimumVisualStudioVersion = 10.0.40219.1
Project("{F9D23FF3-31CD-4EED-853F-11CBD579FE31}") = "Sitecore.Support.173069", "Sitecore.Support.173069\Sitecore.Support.173069.csproj", "{8F6F3EA1-8140-4DF5-B457-20F0478845EF}"
EndProject
Global
	GlobalSection(SolutionConfigurationPlatforms) = preSolution
		Debug|Any CPU = Debug|Any CPU
		Release|Any CPU = Release|Any CPU
	EndGlobalSection
	GlobalSection(ProjectConfigurationPlatforms) = postSolution
		{8F6F3EA1-8140-4DF5-B457-20F0478845EF}.Debug|Any CPU.ActiveCfg = Debug|Any CPU
		{8F6F3EA1-8140-4DF5-B457-20F0478845EF}.Debug|Any CPU.Build.0 = Debug|Any CPU
		{8F6F3EA1-8140-4DF5-B457-20F0478845EF}.Release|Any CPU.ActiveCfg = Release|Any CPU
		{8F6F3EA1-8140-4DF5-B457-20F0478845EF}.Release|Any CPU.Build.0 = Release|Any CPU
	EndGlobalSection
	GlobalSection(SolutionProperties) = preSolution
		HideSolutionNode = FALSE
	EndGlobalSection
EndGlobal
